PODS:
  - Firebase/CoreOnly (12.13.0):
    - FirebaseCore (~> 12.13.0)
  - firebase_core (4.9.0):
    - Firebase/CoreOnly (= 12.13.0)
    - Flutter
  - FirebaseCore (12.13.0):
    - FirebaseCoreInternal (~> 12.13.0)
    - GoogleUtilities/Environment (~> 8.1)
    - GoogleUtilities/Logger (~> 8.1)
  - FirebaseCoreInternal (12.13.0):
    - "GoogleUtilities/NSData+zlib (~> 8.1)"
  - Flutter (1.0.0)
  - GoogleUtilities/Environment (8.1.0):
    - GoogleUtilities/Privacy
  - GoogleUtilities/Logger (8.1.0):
    - GoogleUtilities/Environment
    - GoogleUtilities/Privacy
  - "GoogleUtilities/NSData+zlib (8.1.0)":
    - GoogleUtilities/Privacy
  - GoogleUtilities/Privacy (8.1.0)
  - mapbox_maps_flutter (2.23.0):
    - Flutter
    - MapboxMaps (= 11.23.0)
    - Turf (= 4.0.0)
  - MapboxCommon (24.23.0):
    - Turf (= 4.0.0)
  - MapboxCoreMaps (11.23.0):
    - MapboxCommon (= 24.23.0)
  - MapboxMaps (11.23.0):
    - MapboxCommon (= 24.23.0)
    - MapboxCoreMaps (= 11.23.0)
    - Turf (= 4.0.0)
  - Turf (4.0.0)

DEPENDENCIES:
  - firebase_core (from `.symlinks/plugins/firebase_core/ios`)
  - Flutter (from `Flutter`)
  - mapbox_maps_flutter (from `.symlinks/plugins/mapbox_maps_flutter/ios`)

SPEC REPOS:
  trunk:
    - Firebase
    - FirebaseCore
    - FirebaseCoreInternal
    - GoogleUtilities
    - MapboxCommon
    - MapboxCoreMaps
    - MapboxMaps
    - Turf

EXTERNAL SOURCES:
  firebase_core:
    :path: ".symlinks/plugins/firebase_core/ios"
  Flutter:
    :path: Flutter
  mapbox_maps_flutter:
    :path: ".symlinks/plugins/mapbox_maps_flutter/ios"

SPEC CHECKSUMS:
  Firebase: 7d62445aeabdaea36f7d372f33052fed9a72514f
  firebase_core: 8863b8f05ae77d045fbd3ce0b6e86a8ae12f443b
  FirebaseCore: 58905958aa00a061397a0fd759ae4b55bddb3576
  FirebaseCoreInternal: 37bee58388fc6d183f0ab1b32d69ae44f2cf8aad
  Flutter: cabc95a1d2626b1b06e7179b784ebcf0c0cde467
  GoogleUtilities: 00c88b9a86066ef77f0da2fab05f65d7768ed8e1
  mapbox_maps_flutter: c4cb9079055f01c2e6ce8d42f55aa2137ae7e9a5
  MapboxCommon: 718cadedc92a08d5e2858c4926cfef7cacdfd329
  MapboxCoreMaps: 3eab31f7dc4ae7fda28377e299af186f87ad0612
  MapboxMaps: f1f11ac17b46b797c6f021879eac13cc6d2cbaa4
  Turf: c9eb11a65d96af58cac523460fd40fec5061b081

PODFILE CHECKSUM: 3c63482e143d1b91d2d2560aee9fb04ecc74ac7e

COCOAPODS: 1.16.2
